
Microsoft Visual Studio Solution File, Format Version 12.00
# Visual Studio Version 17
VisualStudioVersion = 17.4.33205.214
MinimumVisualStudioVersion = 10.0.40219.1
Project("{9A19103F-16F7-4668-BE54-9A1E7A4F7556}") = "PocketBaseDotnet", "src\PocketBaseDotnet.csproj", "{A2E0BEBA-B2BE-4824-B4BD-3D6D1D956EBB}"
EndProject
Project("{FAE04EC0-301F-11D3-BF4B-00C04F79EFBC}") = "PocketBaseDotnet-Tests", "tests\PocketBaseDotnet-Tests.csproj", "{4AB4F1C5-C1BD-45D0-908B-AAE1B08FDA6D}"
EndProject
Global
	GlobalSection(SolutionConfigurationPlatforms) = preSolution
		Debug|Any CPU = Debug|Any CPU
		Release|Any CPU = Release|Any CPU
	EndGlobalSection
	GlobalSection(ProjectConfigurationPlatforms) = postSolution
		{A2E0BEBA-B2BE-4824-B4BD-3D6D1D956EBB}.Debug|Any CPU.ActiveCfg = Debug|Any CPU
		{A2E0BEBA-B2BE-4824-B4BD-3D6D1D956EBB}.Debug|Any CPU.Build.0 = Debug|Any CPU
		{A2E0BEBA-B2BE-4824-B4BD-3D6D1D956EBB}.Release|Any CPU.ActiveCfg = Release|Any CPU
		{A2E0BEBA-B2BE-4824-B4BD-3D6D1D956EBB}.Release|Any CPU.Build.0 = Release|Any CPU
		{4AB4F1C5-C1BD-45D0-908B-AAE1B08FDA6D}.Debug|Any CPU.ActiveCfg = Debug|Any CPU
		{4AB4F1C5-C1BD-45D0-908B-AAE1B08FDA6D}.Debug|Any CPU.Build.0 = Debug|Any CPU
		{4AB4F1C5-C1BD-45D0-908B-AAE1B08FDA6D}.Release|Any CPU.ActiveCfg = Release|Any CPU
		{4AB4F1C5-C1BD-45D0-908B-AAE1B08FDA6D}.Release|Any CPU.Build.0 = Release|Any CPU
	EndGlobalSection
	GlobalSection(SolutionProperties) = preSolution
		HideSolutionNode = FALSE
	EndGlobalSection
	GlobalSection(ExtensibilityGlobals) = postSolution
		SolutionGuid = {34D18FF8-B5C1-4509-B145-915684A20270}
	EndGlobalSection
EndGlobal
